// !$*UTF8*$!
{
	archiveVersion = 1;
	classes = {
	};
	objectVersion = 46;
	objects = {

/* Begin PBXBuildFile section */

		0A3A68261B7348040077A2A8 /* IndexContentViewController.m in Sources */ = {isa = PBXBuildFile; fileRef = 0A3A68251B7348040077A2A8 /* IndexContentViewController.m */; };
		0A3A682B1B7354DF0077A2A8 /* CityViewController.m in Sources */ = {isa = PBXBuildFile; fileRef = 0A3A68281B7354DF0077A2A8 /* CityViewController.m */; };
		0A3A682C1B7354DF0077A2A8 /* CountryViewController.m in Sources */ = {isa = PBXBuildFile; fileRef = 0A3A682A1B7354DF0077A2A8 /* CountryViewController.m */; };
		0A3A682F1B73657E0077A2A8 /* BannerView.m in Sources */ = {isa = PBXBuildFile; fileRef = 0A3A682E1B73657E0077A2A8 /* BannerView.m */; };
		0A86B92C1B7D011800A005C3 /* IndexNavigationController.m in Sources */ = {isa = PBXBuildFile; fileRef = 0A86B92B1B7D011800A005C3 /* IndexNavigationController.m */; };
		0AA3A0351B6F92D3006054E1 /* RefreshingTableView.m in Sources */ = {isa = PBXBuildFile; fileRef = 0AA3A0341B6F92D3006054E1 /* RefreshingTableView.m */; };
		0AA3A03B1B6F94AF006054E1 /* blueArrow.png in Resources */ = {isa = PBXBuildFile; fileRef = 0AA3A0371B6F94AF006054E1 /* blueArrow.png */; };
		0AA3A03C1B6F94AF006054E1 /* blueArrow@2x.png in Resources */ = {isa = PBXBuildFile; fileRef = 0AA3A0381B6F94AF006054E1 /* blueArrow@2x.png */; };
		0AA3A03D1B6F94AF006054E1 /* blueArrowDown.png in Resources */ = {isa = PBXBuildFile; fileRef = 0AA3A0391B6F94AF006054E1 /* blueArrowDown.png */; };
		0AA3A03E1B6F94AF006054E1 /* blueArrowDown@2x.png in Resources */ = {isa = PBXBuildFile; fileRef = 0AA3A03A1B6F94AF006054E1 /* blueArrowDown@2x.png */; };
		0AAE41301B7E517A0019E212 /* bgd.PNG in Resources */ = {isa = PBXBuildFile; fileRef = 0AAE412F1B7E517A0019E212 /* bgd.PNG */; };
		0AAE41321B7E5C340019E212 /* Images.xcassets in Resources */ = {isa = PBXBuildFile; fileRef = 0AAE41311B7E5C340019E212 /* Images.xcassets */; };

		0AB7D71B1B61248D00CFF4FF /* main.m in Sources */ = {isa = PBXBuildFile; fileRef = 0AB7D71A1B61248D00CFF4FF /* main.m */; };
		0AB7D71E1B61248D00CFF4FF /* AppDelegate.m in Sources */ = {isa = PBXBuildFile; fileRef = 0AB7D71D1B61248D00CFF4FF /* AppDelegate.m */; };
		0AB7D7241B61248D00CFF4FF /* Main.storyboard in Resources */ = {isa = PBXBuildFile; fileRef = 0AB7D7221B61248D00CFF4FF /* Main.storyboard */; };
		0AB7D7291B61248D00CFF4FF /* LaunchScreen.xib in Resources */ = {isa = PBXBuildFile; fileRef = 0AB7D7271B61248D00CFF4FF /* LaunchScreen.xib */; };
		0AB7D7351B61248D00CFF4FF /* OCOCoffeeTests.m in Sources */ = {isa = PBXBuildFile; fileRef = 0AB7D7341B61248D00CFF4FF /* OCOCoffeeTests.m */; };
		0AB82BC51B7B4E4900D3C66A /* IndexCollectionViewController.m in Sources */ = {isa = PBXBuildFile; fileRef = 0AB82BC41B7B4E4900D3C66A /* IndexCollectionViewController.m */; };
		0AB82BCB1B7B55EF00D3C66A /* ActivityTableViewController.m in Sources */ = {isa = PBXBuildFile; fileRef = 0AB82BC81B7B55EF00D3C66A /* ActivityTableViewController.m */; };
		0AB82BCC1B7B55EF00D3C66A /* CenterViewController.m in Sources */ = {isa = PBXBuildFile; fileRef = 0AB82BCA1B7B55EF00D3C66A /* CenterViewController.m */; };
		0AD23F561B6A54DF00515C38 /* ActivityViewController.m in Sources */ = {isa = PBXBuildFile; fileRef = 0AD23F3E1B6A54DF00515C38 /* ActivityViewController.m */; };
		0AD23F5A1B6A54DF00515C38 /* IndexViewController.m in Sources */ = {isa = PBXBuildFile; fileRef = 0AD23F461B6A54DF00515C38 /* IndexViewController.m */; };
		0AD23F5B1B6A54DF00515C38 /* MessageViewController.m in Sources */ = {isa = PBXBuildFile; fileRef = 0AD23F481B6A54DF00515C38 /* MessageViewController.m */; };
		0AD23F5C1B6A54DF00515C38 /* RootViewController.m in Sources */ = {isa = PBXBuildFile; fileRef = 0AD23F4A1B6A54DF00515C38 /* RootViewController.m */; };
		0AD23F5D1B6A54DF00515C38 /* SearchViewController.m in Sources */ = {isa = PBXBuildFile; fileRef = 0AD23F4C1B6A54DF00515C38 /* SearchViewController.m */; };
		0AD23F5E1B6A54DF00515C38 /* ViewController.m in Sources */ = {isa = PBXBuildFile; fileRef = 0AD23F4E1B6A54DF00515C38 /* ViewController.m */; };
		0AD23F5F1B6A54DF00515C38 /* LoginViewController.m in Sources */ = {isa = PBXBuildFile; fileRef = 0AD23F511B6A54DF00515C38 /* LoginViewController.m */; };
		0AD23F601B6A54DF00515C38 /* RegisStepOneViewController.m in Sources */ = {isa = PBXBuildFile; fileRef = 0AD23F531B6A54DF00515C38 /* RegisStepOneViewController.m */; };
		0AD23F611B6A54DF00515C38 /* RegisStepTwoViewController.m in Sources */ = {isa = PBXBuildFile; fileRef = 0AD23F551B6A54DF00515C38 /* RegisStepTwoViewController.m */; };
		0AE0E8881B693E2200DECD3A /* CoreLocation.framework in Frameworks */ = {isa = PBXBuildFile; fileRef = 0AE0E8871B693E2200DECD3A /* CoreLocation.framework */; };
		0AE0E88A1B693E3500DECD3A /* MobileCoreServices.framework in Frameworks */ = {isa = PBXBuildFile; fileRef = 0AE0E8891B693E3500DECD3A /* MobileCoreServices.framework */; };
		0AEF17A11B77BA2000FDA8DF /* img1.PNG in Resources */ = {isa = PBXBuildFile; fileRef = 0AEF179F1B77BA2000FDA8DF /* img1.PNG */; };
		0AEF17A21B77BA2000FDA8DF /* img2.PNG in Resources */ = {isa = PBXBuildFile; fileRef = 0AEF17A01B77BA2000FDA8DF /* img2.PNG */; };
		0AEF17A41B77BA8B00FDA8DF /* img3.PNG in Resources */ = {isa = PBXBuildFile; fileRef = 0AEF17A31B77BA8B00FDA8DF /* img3.PNG */; };
		0AF13F561B724CE5008D24D0 /* IndexView.m in Sources */ = {isa = PBXBuildFile; fileRef = 0AF13F551B724CE5008D24D0 /* IndexView.m */; };
		223BA1F01B6C624E001F9DC5 /* DatePickerView.m in Sources */ = {isa = PBXBuildFile; fileRef = 223BA1EF1B6C624E001F9DC5 /* DatePickerView.m */; };
		223BA1F31B6C6278001F9DC5 /* StringPickerView.m in Sources */ = {isa = PBXBuildFile; fileRef = 223BA1F21B6C6278001F9DC5 /* StringPickerView.m */; };
		2246AB6E1B723AD300672DBF /* IndexCollectionViewCell.m in Sources */ = {isa = PBXBuildFile; fileRef = 2246AB6B1B723AD300672DBF /* IndexCollectionViewCell.m */; };
		2246AB6F1B723AD300672DBF /* IndexViewLayout.m in Sources */ = {isa = PBXBuildFile; fileRef = 2246AB6D1B723AD300672DBF /* IndexViewLayout.m */; };
		22618C8C1B78A07A00853CC5 /* CenterViewController.m in Sources */ = {isa = PBXBuildFile; fileRef = 22618C8B1B78A07A00853CC5 /* CenterViewController.m */; };
		22618C921B78A10900853CC5 /* ActivityTableViewController.m in Sources */ = {isa = PBXBuildFile; fileRef = 22618C911B78A10900853CC5 /* ActivityTableViewController.m */; };
		226553021B6F8CD200A18274 /* RegisStepThreeViewController.m in Sources */ = {isa = PBXBuildFile; fileRef = 226553011B6F8CD200A18274 /* RegisStepThreeViewController.m */; };
		22F066B61B6902B900BB66EE /* NSUserDefaults+UnRegisterDefaults.m in Sources */ = {isa = PBXBuildFile; fileRef = 22F066A31B6902B900BB66EE /* NSUserDefaults+UnRegisterDefaults.m */; };
		22F066B71B6902B900BB66EE /* UIActionSheet+Blocks.m in Sources */ = {isa = PBXBuildFile; fileRef = 22F066A51B6902B900BB66EE /* UIActionSheet+Blocks.m */; };
		22F066B81B6902B900BB66EE /* UIAlertView+Blocks.m in Sources */ = {isa = PBXBuildFile; fileRef = 22F066A71B6902B900BB66EE /* UIAlertView+Blocks.m */; };
		22F066B91B6902B900BB66EE /* UIButton+EnlargeTouchArea.m in Sources */ = {isa = PBXBuildFile; fileRef = 22F066A91B6902B900BB66EE /* UIButton+EnlargeTouchArea.m */; };
		22F066BA1B6902B900BB66EE /* UIColor+colorBuild.m in Sources */ = {isa = PBXBuildFile; fileRef = 22F066AB1B6902B900BB66EE /* UIColor+colorBuild.m */; };
		22F066D01B6903D600BB66EE /* LoginTableViewCell.m in Sources */ = {isa = PBXBuildFile; fileRef = 22F066C01B6903D600BB66EE /* LoginTableViewCell.m */; };
		22F066D11B6903D600BB66EE /* MessageCell.m in Sources */ = {isa = PBXBuildFile; fileRef = 22F066C21B6903D600BB66EE /* MessageCell.m */; };
		22F066D21B6903D600BB66EE /* RegisTableViewCell.m in Sources */ = {isa = PBXBuildFile; fileRef = 22F066C41B6903D600BB66EE /* RegisTableViewCell.m */; };
		22F066D31B6903D600BB66EE /* SeparatorView.m in Sources */ = {isa = PBXBuildFile; fileRef = 22F066C61B6903D600BB66EE /* SeparatorView.m */; };
		22F066D41B6903D600BB66EE /* CycleBannerView.m in Sources */ = {isa = PBXBuildFile; fileRef = 22F066C81B6903D600BB66EE /* CycleBannerView.m */; };
		22F066D51B6903D600BB66EE /* IndexCollectionView.m in Sources */ = {isa = PBXBuildFile; fileRef = 22F066CA1B6903D600BB66EE /* IndexCollectionView.m */; };
		22F067041B69049D00BB66EE /* area_code.plist in Resources */ = {isa = PBXBuildFile; fileRef = 22F066FF1B69049D00BB66EE /* area_code.plist */; };
		22F067051B69049D00BB66EE /* city.plist in Resources */ = {isa = PBXBuildFile; fileRef = 22F067001B69049D00BB66EE /* city.plist */; };
		22F067061B69049D00BB66EE /* country.plist in Resources */ = {isa = PBXBuildFile; fileRef = 22F067011B69049D00BB66EE /* country.plist */; };
		22F067071B69049D00BB66EE /* Info.plist in Resources */ = {isa = PBXBuildFile; fileRef = 22F067021B69049D00BB66EE /* Info.plist */; };
		22F067081B69049D00BB66EE /* province.plist in Resources */ = {isa = PBXBuildFile; fileRef = 22F067031B69049D00BB66EE /* province.plist */; };
		22F0E3921B7230BA00ACF5D7 /* CenterTableViewCell.m in Sources */ = {isa = PBXBuildFile; fileRef = 22F0E3911B7230BA00ACF5D7 /* CenterTableViewCell.m */; };
		BCB10E7777628E8564F7ED5B /* libPods.a in Frameworks */ = {isa = PBXBuildFile; fileRef = E5C59423456FA625F1931F9E /* libPods.a */; };
/* End PBXBuildFile section */

/* Begin PBXContainerItemProxy section */
		0AB7D72F1B61248D00CFF4FF /* PBXContainerItemProxy */ = {
			isa = PBXContainerItemProxy;
			containerPortal = 0AB7D70D1B61248D00CFF4FF /* Project object */;
			proxyType = 1;
			remoteGlobalIDString = 0AB7D7141B61248D00CFF4FF;
			remoteInfo = OCOCoffee;
		};
/* End PBXContainerItemProxy section */

/* Begin PBXFileReference section */

		0A0769C11B629D4C00B82422 /* clockicon.png */ = {isa = PBXFileReference; lastKnownFileType = image.png; path = clockicon.png; sourceTree = "<group>"; };
		0A0769C21B629D4C00B82422 /* dependenticon.png */ = {isa = PBXFileReference; lastKnownFileType = image.png; path = dependenticon.png; sourceTree = "<group>"; };
		0A0769C31B629D4C00B82422 /* doubleicon.png */ = {isa = PBXFileReference; lastKnownFileType = image.png; path = doubleicon.png; sourceTree = "<group>"; };
		0A0769C41B629D4C00B82422 /* singleicon.png */ = {isa = PBXFileReference; lastKnownFileType = image.png; path = singleicon.png; sourceTree = "<group>"; };
		0A78CDBE1B6FD00E003049D8 /* 001.png */ = {isa = PBXFileReference; lastKnownFileType = image.png; name = 001.png; path = ../../001.png; sourceTree = "<group>"; };
		0A78CDBF1B6FD00E003049D8 /* 002.png */ = {isa = PBXFileReference; lastKnownFileType = image.png; name = 002.png; path = ../../002.png; sourceTree = "<group>"; };

		0AB7D7151B61248D00CFF4FF /* OCOCoffee.app */ = {isa = PBXFileReference; explicitFileType = wrapper.application; includeInIndex = 0; path = OCOCoffee.app; sourceTree = BUILT_PRODUCTS_DIR; };
		0AB7D7191B61248D00CFF4FF /* Info.plist */ = {isa = PBXFileReference; lastKnownFileType = text.plist.xml; path = Info.plist; sourceTree = "<group>"; };
		0AB7D71A1B61248D00CFF4FF /* main.m */ = {isa = PBXFileReference; lastKnownFileType = sourcecode.c.objc; path = main.m; sourceTree = "<group>"; };
		0AB7D71C1B61248D00CFF4FF /* AppDelegate.h */ = {isa = PBXFileReference; lastKnownFileType = sourcecode.c.h; path = AppDelegate.h; sourceTree = "<group>"; };
		0AB7D71D1B61248D00CFF4FF /* AppDelegate.m */ = {isa = PBXFileReference; lastKnownFileType = sourcecode.c.objc; path = AppDelegate.m; sourceTree = "<group>"; };
		0AB7D7231B61248D00CFF4FF /* Base */ = {isa = PBXFileReference; lastKnownFileType = file.storyboard; name = Base; path = Base.lproj/Main.storyboard; sourceTree = "<group>"; };
		0AB7D7281B61248D00CFF4FF /* Base */ = {isa = PBXFileReference; lastKnownFileType = file.xib; name = Base; path = Base.lproj/LaunchScreen.xib; sourceTree = "<group>"; };
		0AB7D72E1B61248D00CFF4FF /* OCOCoffeeTests.xctest */ = {isa = PBXFileReference; explicitFileType = wrapper.cfbundle; includeInIndex = 0; path = OCOCoffeeTests.xctest; sourceTree = BUILT_PRODUCTS_DIR; };
		0AB7D7331B61248D00CFF4FF /* Info.plist */ = {isa = PBXFileReference; lastKnownFileType = text.plist.xml; path = Info.plist; sourceTree = "<group>"; };
		0AB7D7341B61248D00CFF4FF /* OCOCoffeeTests.m */ = {isa = PBXFileReference; lastKnownFileType = sourcecode.c.objc; path = OCOCoffeeTests.m; sourceTree = "<group>"; };
		0AB82BC31B7B4E4900D3C66A /* IndexCollectionViewController.h */ = {isa = PBXFileReference; fileEncoding = 4; lastKnownFileType = sourcecode.c.h; path = IndexCollectionViewController.h; sourceTree = "<group>"; };
		0AB82BC41B7B4E4900D3C66A /* IndexCollectionViewController.m */ = {isa = PBXFileReference; fileEncoding = 4; lastKnownFileType = sourcecode.c.objc; path = IndexCollectionViewController.m; sourceTree = "<group>"; };
		0AB82BC71B7B55EF00D3C66A /* ActivityTableViewController.h */ = {isa = PBXFileReference; fileEncoding = 4; lastKnownFileType = sourcecode.c.h; path = ActivityTableViewController.h; sourceTree = "<group>"; };
		0AB82BC81B7B55EF00D3C66A /* ActivityTableViewController.m */ = {isa = PBXFileReference; fileEncoding = 4; lastKnownFileType = sourcecode.c.objc; path = ActivityTableViewController.m; sourceTree = "<group>"; };
		0AB82BC91B7B55EF00D3C66A /* CenterViewController.h */ = {isa = PBXFileReference; fileEncoding = 4; lastKnownFileType = sourcecode.c.h; path = CenterViewController.h; sourceTree = "<group>"; };
		0AB82BCA1B7B55EF00D3C66A /* CenterViewController.m */ = {isa = PBXFileReference; fileEncoding = 4; lastKnownFileType = sourcecode.c.objc; path = CenterViewController.m; sourceTree = "<group>"; };
		0AD23F3D1B6A54DF00515C38 /* ActivityViewController.h */ = {isa = PBXFileReference; fileEncoding = 4; lastKnownFileType = sourcecode.c.h; path = ActivityViewController.h; sourceTree = "<group>"; };
		0AD23F3E1B6A54DF00515C38 /* ActivityViewController.m */ = {isa = PBXFileReference; fileEncoding = 4; lastKnownFileType = sourcecode.c.objc; path = ActivityViewController.m; sourceTree = "<group>"; };

		0AD23F451B6A54DF00515C38 /* IndexViewController.h */ = {isa = PBXFileReference; fileEncoding = 4; lastKnownFileType = sourcecode.c.h; path = IndexViewController.h; sourceTree = "<group>"; };
		0AD23F461B6A54DF00515C38 /* IndexViewController.m */ = {isa = PBXFileReference; fileEncoding = 4; lastKnownFileType = sourcecode.c.objc; path = IndexViewController.m; sourceTree = "<group>"; };
		0AD23F471B6A54DF00515C38 /* MessageViewController.h */ = {isa = PBXFileReference; fileEncoding = 4; lastKnownFileType = sourcecode.c.h; path = MessageViewController.h; sourceTree = "<group>"; };
		0AD23F481B6A54DF00515C38 /* MessageViewController.m */ = {isa = PBXFileReference; fileEncoding = 4; lastKnownFileType = sourcecode.c.objc; path = MessageViewController.m; sourceTree = "<group>"; };
		0AD23F491B6A54DF00515C38 /* RootViewController.h */ = {isa = PBXFileReference; fileEncoding = 4; lastKnownFileType = sourcecode.c.h; path = RootViewController.h; sourceTree = "<group>"; };
		0AD23F4A1B6A54DF00515C38 /* RootViewController.m */ = {isa = PBXFileReference; fileEncoding = 4; lastKnownFileType = sourcecode.c.objc; path = RootViewController.m; sourceTree = "<group>"; };
		0AD23F4B1B6A54DF00515C38 /* SearchViewController.h */ = {isa = PBXFileReference; fileEncoding = 4; lastKnownFileType = sourcecode.c.h; path = SearchViewController.h; sourceTree = "<group>"; };
		0AD23F4C1B6A54DF00515C38 /* SearchViewController.m */ = {isa = PBXFileReference; fileEncoding = 4; lastKnownFileType = sourcecode.c.objc; path = SearchViewController.m; sourceTree = "<group>"; };
		0AD23F4D1B6A54DF00515C38 /* ViewController.h */ = {isa = PBXFileReference; fileEncoding = 4; lastKnownFileType = sourcecode.c.h; path = ViewController.h; sourceTree = "<group>"; };
		0AD23F4E1B6A54DF00515C38 /* ViewController.m */ = {isa = PBXFileReference; fileEncoding = 4; lastKnownFileType = sourcecode.c.objc; path = ViewController.m; sourceTree = "<group>"; };
		0AD23F501B6A54DF00515C38 /* LoginViewController.h */ = {isa = PBXFileReference; fileEncoding = 4; lastKnownFileType = sourcecode.c.h; path = LoginViewController.h; sourceTree = "<group>"; };
		0AD23F511B6A54DF00515C38 /* LoginViewController.m */ = {isa = PBXFileReference; fileEncoding = 4; lastKnownFileType = sourcecode.c.objc; path = LoginViewController.m; sourceTree = "<group>"; };
		0AD23F521B6A54DF00515C38 /* RegisStepOneViewController.h */ = {isa = PBXFileReference; fileEncoding = 4; lastKnownFileType = sourcecode.c.h; path = RegisStepOneViewController.h; sourceTree = "<group>"; };
		0AD23F531B6A54DF00515C38 /* RegisStepOneViewController.m */ = {isa = PBXFileReference; fileEncoding = 4; lastKnownFileType = sourcecode.c.objc; path = RegisStepOneViewController.m; sourceTree = "<group>"; };
		0AD23F541B6A54DF00515C38 /* RegisStepTwoViewController.h */ = {isa = PBXFileReference; fileEncoding = 4; lastKnownFileType = sourcecode.c.h; path = RegisStepTwoViewController.h; sourceTree = "<group>"; };
		0AD23F551B6A54DF00515C38 /* RegisStepTwoViewController.m */ = {isa = PBXFileReference; fileEncoding = 4; lastKnownFileType = sourcecode.c.objc; path = RegisStepTwoViewController.m; sourceTree = "<group>"; };
		0AD23F8E1B6A554800515C38 /* Golbal.h */ = {isa = PBXFileReference; fileEncoding = 4; lastKnownFileType = sourcecode.c.h; path = Golbal.h; sourceTree = "<group>"; };
		0AE0E8871B693E2200DECD3A /* CoreLocation.framework */ = {isa = PBXFileReference; lastKnownFileType = wrapper.framework; name = CoreLocation.framework; path = System/Library/Frameworks/CoreLocation.framework; sourceTree = SDKROOT; };
		0AE0E8891B693E3500DECD3A /* MobileCoreServices.framework */ = {isa = PBXFileReference; lastKnownFileType = wrapper.framework; name = MobileCoreServices.framework; path = System/Library/Frameworks/MobileCoreServices.framework; sourceTree = SDKROOT; };
		0AEF179F1B77BA2000FDA8DF /* img1.PNG */ = {isa = PBXFileReference; lastKnownFileType = image.png; path = img1.PNG; sourceTree = "<group>"; };
		0AEF17A01B77BA2000FDA8DF /* img2.PNG */ = {isa = PBXFileReference; lastKnownFileType = image.png; path = img2.PNG; sourceTree = "<group>"; };
		0AEF17A31B77BA8B00FDA8DF /* img3.PNG */ = {isa = PBXFileReference; lastKnownFileType = image.png; path = img3.PNG; sourceTree = "<group>"; };
		0AF13F541B724CE5008D24D0 /* IndexView.h */ = {isa = PBXFileReference; fileEncoding = 4; lastKnownFileType = sourcecode.c.h; path = IndexView.h; sourceTree = "<group>"; };
		0AF13F551B724CE5008D24D0 /* IndexView.m */ = {isa = PBXFileReference; fileEncoding = 4; lastKnownFileType = sourcecode.c.objc; path = IndexView.m; sourceTree = "<group>"; };
		14887310B7D8897250D65C1C /* Pods.debug.xcconfig */ = {isa = PBXFileReference; includeInIndex = 1; lastKnownFileType = text.xcconfig; name = Pods.debug.xcconfig; path = "Pods/Target Support Files/Pods/Pods.debug.xcconfig"; sourceTree = "<group>"; };
		223BA1EE1B6C624E001F9DC5 /* DatePickerView.h */ = {isa = PBXFileReference; fileEncoding = 4; lastKnownFileType = sourcecode.c.h; path = DatePickerView.h; sourceTree = "<group>"; };
		223BA1EF1B6C624E001F9DC5 /* DatePickerView.m */ = {isa = PBXFileReference; fileEncoding = 4; lastKnownFileType = sourcecode.c.objc; path = DatePickerView.m; sourceTree = "<group>"; };
		223BA1F11B6C6278001F9DC5 /* StringPickerView.h */ = {isa = PBXFileReference; fileEncoding = 4; lastKnownFileType = sourcecode.c.h; path = StringPickerView.h; sourceTree = "<group>"; };
		223BA1F21B6C6278001F9DC5 /* StringPickerView.m */ = {isa = PBXFileReference; fileEncoding = 4; lastKnownFileType = sourcecode.c.objc; path = StringPickerView.m; sourceTree = "<group>"; };
		2246AB6A1B723AD300672DBF /* IndexCollectionViewCell.h */ = {isa = PBXFileReference; fileEncoding = 4; lastKnownFileType = sourcecode.c.h; path = IndexCollectionViewCell.h; sourceTree = "<group>"; };
		2246AB6B1B723AD300672DBF /* IndexCollectionViewCell.m */ = {isa = PBXFileReference; fileEncoding = 4; lastKnownFileType = sourcecode.c.objc; path = IndexCollectionViewCell.m; sourceTree = "<group>"; };
		2246AB6C1B723AD300672DBF /* IndexViewLayout.h */ = {isa = PBXFileReference; fileEncoding = 4; lastKnownFileType = sourcecode.c.h; path = IndexViewLayout.h; sourceTree = "<group>"; };
		2246AB6D1B723AD300672DBF /* IndexViewLayout.m */ = {isa = PBXFileReference; fileEncoding = 4; lastKnownFileType = sourcecode.c.objc; path = IndexViewLayout.m; sourceTree = "<group>"; };
		22618C8A1B78A07A00853CC5 /* CenterViewController.h */ = {isa = PBXFileReference; fileEncoding = 4; lastKnownFileType = sourcecode.c.h; path = CenterViewController.h; sourceTree = "<group>"; };
		22618C8B1B78A07A00853CC5 /* CenterViewController.m */ = {isa = PBXFileReference; fileEncoding = 4; lastKnownFileType = sourcecode.c.objc; path = CenterViewController.m; sourceTree = "<group>"; };
		22618C901B78A10900853CC5 /* ActivityTableViewController.h */ = {isa = PBXFileReference; fileEncoding = 4; lastKnownFileType = sourcecode.c.h; path = ActivityTableViewController.h; sourceTree = "<group>"; };
		22618C911B78A10900853CC5 /* ActivityTableViewController.m */ = {isa = PBXFileReference; fileEncoding = 4; lastKnownFileType = sourcecode.c.objc; path = ActivityTableViewController.m; sourceTree = "<group>"; };
		226553001B6F8CD200A18274 /* RegisStepThreeViewController.h */ = {isa = PBXFileReference; fileEncoding = 4; lastKnownFileType = sourcecode.c.h; path = RegisStepThreeViewController.h; sourceTree = "<group>"; };
		226553011B6F8CD200A18274 /* RegisStepThreeViewController.m */ = {isa = PBXFileReference; fileEncoding = 4; lastKnownFileType = sourcecode.c.objc; path = RegisStepThreeViewController.m; sourceTree = "<group>"; };
		22F066A21B6902B900BB66EE /* NSUserDefaults+UnRegisterDefaults.h */ = {isa = PBXFileReference; fileEncoding = 4; lastKnownFileType = sourcecode.c.h; path = "NSUserDefaults+UnRegisterDefaults.h"; sourceTree = "<group>"; };
		22F066A31B6902B900BB66EE /* NSUserDefaults+UnRegisterDefaults.m */ = {isa = PBXFileReference; fileEncoding = 4; lastKnownFileType = sourcecode.c.objc; path = "NSUserDefaults+UnRegisterDefaults.m"; sourceTree = "<group>"; };
		22F066A41B6902B900BB66EE /* UIActionSheet+Blocks.h */ = {isa = PBXFileReference; fileEncoding = 4; lastKnownFileType = sourcecode.c.h; path = "UIActionSheet+Blocks.h"; sourceTree = "<group>"; };
		22F066A51B6902B900BB66EE /* UIActionSheet+Blocks.m */ = {isa = PBXFileReference; fileEncoding = 4; lastKnownFileType = sourcecode.c.objc; path = "UIActionSheet+Blocks.m"; sourceTree = "<group>"; };
		22F066A61B6902B900BB66EE /* UIAlertView+Blocks.h */ = {isa = PBXFileReference; fileEncoding = 4; lastKnownFileType = sourcecode.c.h; path = "UIAlertView+Blocks.h"; sourceTree = "<group>"; };
		22F066A71B6902B900BB66EE /* UIAlertView+Blocks.m */ = {isa = PBXFileReference; fileEncoding = 4; lastKnownFileType = sourcecode.c.objc; path = "UIAlertView+Blocks.m"; sourceTree = "<group>"; };
		22F066A81B6902B900BB66EE /* UIButton+EnlargeTouchArea.h */ = {isa = PBXFileReference; fileEncoding = 4; lastKnownFileType = sourcecode.c.h; path = "UIButton+EnlargeTouchArea.h"; sourceTree = "<group>"; };
		22F066A91B6902B900BB66EE /* UIButton+EnlargeTouchArea.m */ = {isa = PBXFileReference; fileEncoding = 4; lastKnownFileType = sourcecode.c.objc; path = "UIButton+EnlargeTouchArea.m"; sourceTree = "<group>"; };
		22F066AA1B6902B900BB66EE /* UIColor+colorBuild.h */ = {isa = PBXFileReference; fileEncoding = 4; lastKnownFileType = sourcecode.c.h; path = "UIColor+colorBuild.h"; sourceTree = "<group>"; };
		22F066AB1B6902B900BB66EE /* UIColor+colorBuild.m */ = {isa = PBXFileReference; fileEncoding = 4; lastKnownFileType = sourcecode.c.objc; path = "UIColor+colorBuild.m"; sourceTree = "<group>"; };
		22F066BF1B6903D600BB66EE /* LoginTableViewCell.h */ = {isa = PBXFileReference; fileEncoding = 4; lastKnownFileType = sourcecode.c.h; path = LoginTableViewCell.h; sourceTree = "<group>"; };
		22F066C01B6903D600BB66EE /* LoginTableViewCell.m */ = {isa = PBXFileReference; fileEncoding = 4; lastKnownFileType = sourcecode.c.objc; path = LoginTableViewCell.m; sourceTree = "<group>"; };
		22F066C11B6903D600BB66EE /* MessageCell.h */ = {isa = PBXFileReference; fileEncoding = 4; lastKnownFileType = sourcecode.c.h; path = MessageCell.h; sourceTree = "<group>"; };
		22F066C21B6903D600BB66EE /* MessageCell.m */ = {isa = PBXFileReference; fileEncoding = 4; lastKnownFileType = sourcecode.c.objc; path = MessageCell.m; sourceTree = "<group>"; };
		22F066C31B6903D600BB66EE /* RegisTableViewCell.h */ = {isa = PBXFileReference; fileEncoding = 4; lastKnownFileType = sourcecode.c.h; path = RegisTableViewCell.h; sourceTree = "<group>"; };
		22F066C41B6903D600BB66EE /* RegisTableViewCell.m */ = {isa = PBXFileReference; fileEncoding = 4; lastKnownFileType = sourcecode.c.objc; path = RegisTableViewCell.m; sourceTree = "<group>"; };
		22F066C51B6903D600BB66EE /* SeparatorView.h */ = {isa = PBXFileReference; fileEncoding = 4; lastKnownFileType = sourcecode.c.h; path = SeparatorView.h; sourceTree = "<group>"; };
		22F066C61B6903D600BB66EE /* SeparatorView.m */ = {isa = PBXFileReference; fileEncoding = 4; lastKnownFileType = sourcecode.c.objc; path = SeparatorView.m; sourceTree = "<group>"; };
		22F066C71B6903D600BB66EE /* CycleBannerView.h */ = {isa = PBXFileReference; fileEncoding = 4; lastKnownFileType = sourcecode.c.h; path = CycleBannerView.h; sourceTree = "<group>"; };
		22F066C81B6903D600BB66EE /* CycleBannerView.m */ = {isa = PBXFileReference; fileEncoding = 4; lastKnownFileType = sourcecode.c.objc; path = CycleBannerView.m; sourceTree = "<group>"; };
		22F066C91B6903D600BB66EE /* IndexCollectionView.h */ = {isa = PBXFileReference; fileEncoding = 4; lastKnownFileType = sourcecode.c.h; path = IndexCollectionView.h; sourceTree = "<group>"; };
		22F066CA1B6903D600BB66EE /* IndexCollectionView.m */ = {isa = PBXFileReference; fileEncoding = 4; lastKnownFileType = sourcecode.c.objc; path = IndexCollectionView.m; sourceTree = "<group>"; };
		22F066FF1B69049D00BB66EE /* area_code.plist */ = {isa = PBXFileReference; fileEncoding = 4; lastKnownFileType = text.plist.xml; path = area_code.plist; sourceTree = "<group>"; };
		22F067001B69049D00BB66EE /* city.plist */ = {isa = PBXFileReference; fileEncoding = 4; lastKnownFileType = text.plist.xml; path = city.plist; sourceTree = "<group>"; };
		22F067011B69049D00BB66EE /* country.plist */ = {isa = PBXFileReference; fileEncoding = 4; lastKnownFileType = text.plist.xml; path = country.plist; sourceTree = "<group>"; };
		22F067021B69049D00BB66EE /* Info.plist */ = {isa = PBXFileReference; fileEncoding = 4; lastKnownFileType = text.plist.xml; path = Info.plist; sourceTree = "<group>"; };
		22F067031B69049D00BB66EE /* province.plist */ = {isa = PBXFileReference; fileEncoding = 4; lastKnownFileType = text.plist.xml; path = province.plist; sourceTree = "<group>"; };
		22F0E3901B7230BA00ACF5D7 /* CenterTableViewCell.h */ = {isa = PBXFileReference; fileEncoding = 4; lastKnownFileType = sourcecode.c.h; path = CenterTableViewCell.h; sourceTree = "<group>"; };
		22F0E3911B7230BA00ACF5D7 /* CenterTableViewCell.m */ = {isa = PBXFileReference; fileEncoding = 4; lastKnownFileType = sourcecode.c.objc; path = CenterTableViewCell.m; sourceTree = "<group>"; };
		D61E0951857E66DEA4826284 /* Pods.release.xcconfig */ = {isa = PBXFileReference; includeInIndex = 1; lastKnownFileType = text.xcconfig; name = Pods.release.xcconfig; path = "Pods/Target Support Files/Pods/Pods.release.xcconfig"; sourceTree = "<group>"; };
		E5C59423456FA625F1931F9E /* libPods.a */ = {isa = PBXFileReference; explicitFileType = archive.ar; includeInIndex = 0; path = libPods.a; sourceTree = BUILT_PRODUCTS_DIR; };
/* End PBXFileReference section */

/* Begin PBXFrameworksBuildPhase section */
		0AB7D7121B61248D00CFF4FF /* Frameworks */ = {
			isa = PBXFrameworksBuildPhase;
			buildActionMask = 2147483647;
			files = (
				0AE0E88A1B693E3500DECD3A /* MobileCoreServices.framework in Frameworks */,
				0AE0E8881B693E2200DECD3A /* CoreLocation.framework in Frameworks */,
				BCB10E7777628E8564F7ED5B /* libPods.a in Frameworks */,
			);
			runOnlyForDeploymentPostprocessing = 0;
		};
		0AB7D72B1B61248D00CFF4FF /* Frameworks */ = {
			isa = PBXFrameworksBuildPhase;
			buildActionMask = 2147483647;
			files = (
			);
			runOnlyForDeploymentPostprocessing = 0;
		};
/* End PBXFrameworksBuildPhase section */

/* Begin PBXGroup section */
		0A0769A81B62765400B82422 /* Models */ = {
			isa = PBXGroup;
			children = (
			);
			name = Models;
			sourceTree = "<group>";
		};
		0A0769AA1B62766E00B82422 /* Http */ = {
			isa = PBXGroup;
			children = (
			);
			name = Http;
			sourceTree = "<group>";
		};
		0A0769AB1B62767700B82422 /* Data */ = {
			isa = PBXGroup;
			children = (
			);
			name = Data;
			sourceTree = "<group>";
		};
		0A0769AC1B6276BE00B82422 /* Cache */ = {
			isa = PBXGroup;
			children = (
			);
			name = Cache;
			sourceTree = "<group>";
		};
<<<<<<< HEAD
		0AA3A0361B6F9300006054E1 /* Refreshing */ = {
			isa = PBXGroup;
			children = (
				0AA3A0371B6F94AF006054E1 /* blueArrow.png */,
				0AA3A0381B6F94AF006054E1 /* blueArrow@2x.png */,
				0AA3A0391B6F94AF006054E1 /* blueArrowDown.png */,
				0AA3A03A1B6F94AF006054E1 /* blueArrowDown@2x.png */,
				0AA3A0331B6F92D3006054E1 /* RefreshingTableView.h */,
				0AA3A0341B6F92D3006054E1 /* RefreshingTableView.m */,
			);
			name = Refreshing;

			sourceTree = "<group>";
		};
		0AB7D70C1B61248D00CFF4FF = {
			isa = PBXGroup;
			children = (
				0AB7D7171B61248D00CFF4FF /* OCOCoffee */,
				0AB7D7311B61248D00CFF4FF /* OCOCoffeeTests */,
				0AB7D7161B61248D00CFF4FF /* Products */,
				BED2DD0B9748506F2BBB4B18 /* Pods */,
				C8E256D06F7BCD6211EC9086 /* Frameworks */,
			);
			sourceTree = "<group>";
		};
		0AB7D7161B61248D00CFF4FF /* Products */ = {
			isa = PBXGroup;
			children = (
				0AB7D7151B61248D00CFF4FF /* OCOCoffee.app */,
				0AB7D72E1B61248D00CFF4FF /* OCOCoffeeTests.xctest */,
			);
			name = Products;
			sourceTree = "<group>";
		};
		0AB7D7171B61248D00CFF4FF /* OCOCoffee */ = {
			isa = PBXGroup;
			children = (
				0AEF179E1B77BA2000FDA8DF /* Image */,
				0AD23F8E1B6A554800515C38 /* Golbal.h */,
				0AD23F3B1B6A54DF00515C38 /* Controllers */,
				22F066FD1B69049D00BB66EE /* Config */,
				22F066BB1B6903D600BB66EE /* Views */,
				22F0668E1B6902B900BB66EE /* Library */,
				0A0769AC1B6276BE00B82422 /* Cache */,
				0A0769AB1B62767700B82422 /* Data */,
				0A0769AA1B62766E00B82422 /* Http */,
				0A0769A81B62765400B82422 /* Models */,
				0AB7D71C1B61248D00CFF4FF /* AppDelegate.h */,
				0AB7D71D1B61248D00CFF4FF /* AppDelegate.m */,
				0AB7D7221B61248D00CFF4FF /* Main.storyboard */,
				0AB7D7271B61248D00CFF4FF /* LaunchScreen.xib */,
				0AB7D7181B61248D00CFF4FF /* Supporting Files */,
				0AAE41311B7E5C340019E212 /* Images.xcassets */,
			);
			path = OCOCoffee;
			sourceTree = "<group>";
		};
		0AB7D7181B61248D00CFF4FF /* Supporting Files */ = {
			isa = PBXGroup;
			children = (
				0AB7D7191B61248D00CFF4FF /* Info.plist */,
				0AB7D71A1B61248D00CFF4FF /* main.m */,
			);
			name = "Supporting Files";
			sourceTree = "<group>";
		};
		0AB7D7311B61248D00CFF4FF /* OCOCoffeeTests */ = {
			isa = PBXGroup;
			children = (
				0AB7D7341B61248D00CFF4FF /* OCOCoffeeTests.m */,
				0AB7D7321B61248D00CFF4FF /* Supporting Files */,
			);
			path = OCOCoffeeTests;
			sourceTree = "<group>";
		};
		0AB7D7321B61248D00CFF4FF /* Supporting Files */ = {
			isa = PBXGroup;
			children = (
				0AB7D7331B61248D00CFF4FF /* Info.plist */,
			);
			name = "Supporting Files";
			sourceTree = "<group>";
		};
		0AB82BC61B7B55EF00D3C66A /* Center */ = {
			isa = PBXGroup;
			children = (
				0AB82BC71B7B55EF00D3C66A /* ActivityTableViewController.h */,
				0AB82BC81B7B55EF00D3C66A /* ActivityTableViewController.m */,
				0AB82BC91B7B55EF00D3C66A /* CenterViewController.h */,
				0AB82BCA1B7B55EF00D3C66A /* CenterViewController.m */,
			);
			path = Center;
			sourceTree = "<group>";
		};
		0AD23F3B1B6A54DF00515C38 /* Controllers */ = {
			isa = PBXGroup;
			children = (
<<<<<<< HEAD
				0AB82BC61B7B55EF00D3C66A /* Center */,
=======
				22618C891B78A07A00853CC5 /* Center */,
>>>>>>> 5cdc09e049bdcfd146c4d2ef7d129d45e2754816
				0AD23F3C1B6A54DF00515C38 /* Main */,
				0AD23F4F1B6A54DF00515C38 /* User */,
			);
			path = Controllers;
			sourceTree = "<group>";
		};
		0AD23F3C1B6A54DF00515C38 /* Main */ = {
			isa = PBXGroup;
			children = (
				0AB82BC31B7B4E4900D3C66A /* IndexCollectionViewController.h */,
				0AB82BC41B7B4E4900D3C66A /* IndexCollectionViewController.m */,
				0A3A68271B7354DF0077A2A8 /* CityViewController.h */,
				0A3A68281B7354DF0077A2A8 /* CityViewController.m */,
				0A3A68291B7354DF0077A2A8 /* CountryViewController.h */,
				0A3A682A1B7354DF0077A2A8 /* CountryViewController.m */,
				0AD23F3D1B6A54DF00515C38 /* ActivityViewController.h */,
				0AD23F3E1B6A54DF00515C38 /* ActivityViewController.m */,

				0AD23F451B6A54DF00515C38 /* IndexViewController.h */,
				0AD23F461B6A54DF00515C38 /* IndexViewController.m */,
				0AD23F471B6A54DF00515C38 /* MessageViewController.h */,
				0AD23F481B6A54DF00515C38 /* MessageViewController.m */,
				0AD23F491B6A54DF00515C38 /* RootViewController.h */,
				0AD23F4A1B6A54DF00515C38 /* RootViewController.m */,
				0AD23F4B1B6A54DF00515C38 /* SearchViewController.h */,
				0AD23F4C1B6A54DF00515C38 /* SearchViewController.m */,
				0AD23F4D1B6A54DF00515C38 /* ViewController.h */,
				0AD23F4E1B6A54DF00515C38 /* ViewController.m */,
				0A3A68241B7348040077A2A8 /* IndexContentViewController.h */,
				0A3A68251B7348040077A2A8 /* IndexContentViewController.m */,
				0A86B92A1B7D011800A005C3 /* IndexNavigationController.h */,
				0A86B92B1B7D011800A005C3 /* IndexNavigationController.m */,
			);
			path = Main;
			sourceTree = "<group>";
		};
		0AD23F4F1B6A54DF00515C38 /* User */ = {
			isa = PBXGroup;
			children = (
				0AD23F501B6A54DF00515C38 /* LoginViewController.h */,
				0AD23F511B6A54DF00515C38 /* LoginViewController.m */,
				0AD23F521B6A54DF00515C38 /* RegisStepOneViewController.h */,
				0AD23F531B6A54DF00515C38 /* RegisStepOneViewController.m */,
				0AD23F541B6A54DF00515C38 /* RegisStepTwoViewController.h */,
				0AD23F551B6A54DF00515C38 /* RegisStepTwoViewController.m */,
				226553001B6F8CD200A18274 /* RegisStepThreeViewController.h */,
				226553011B6F8CD200A18274 /* RegisStepThreeViewController.m */,
			);
			path = User;
			sourceTree = "<group>";
		};
		0AEF179E1B77BA2000FDA8DF /* Image */ = {
			isa = PBXGroup;
			children = (
				0AAE412F1B7E517A0019E212 /* bgd.PNG */,
				0AEF17A31B77BA8B00FDA8DF /* img3.PNG */,
				0AEF179F1B77BA2000FDA8DF /* img1.PNG */,
				0AEF17A01B77BA2000FDA8DF /* img2.PNG */,
			);
			path = Image;
			sourceTree = "<group>";
		};
		223BA1ED1B6C624E001F9DC5 /* Util */ = {
			isa = PBXGroup;
			children = (
				223BA1EE1B6C624E001F9DC5 /* DatePickerView.h */,
				223BA1EF1B6C624E001F9DC5 /* DatePickerView.m */,
				223BA1F11B6C6278001F9DC5 /* StringPickerView.h */,
				223BA1F21B6C6278001F9DC5 /* StringPickerView.m */,
			);
			path = Util;
			sourceTree = "<group>";
		};
		22618C891B78A07A00853CC5 /* Center */ = {
			isa = PBXGroup;
			children = (
				22618C8A1B78A07A00853CC5 /* CenterViewController.h */,
				22618C8B1B78A07A00853CC5 /* CenterViewController.m */,
				22618C901B78A10900853CC5 /* ActivityTableViewController.h */,
				22618C911B78A10900853CC5 /* ActivityTableViewController.m */,
			);
			path = Center;
			sourceTree = "<group>";
		};
		22F0668E1B6902B900BB66EE /* Library */ = {
			isa = PBXGroup;
			children = (
				22F0668F1B6902B900BB66EE /* Category */,
			);
			path = Library;
			sourceTree = "<group>";
		};
		22F0668F1B6902B900BB66EE /* Category */ = {
			isa = PBXGroup;
			children = (
				22F066A21B6902B900BB66EE /* NSUserDefaults+UnRegisterDefaults.h */,
				22F066A31B6902B900BB66EE /* NSUserDefaults+UnRegisterDefaults.m */,
				22F066A41B6902B900BB66EE /* UIActionSheet+Blocks.h */,
				22F066A51B6902B900BB66EE /* UIActionSheet+Blocks.m */,
				22F066A61B6902B900BB66EE /* UIAlertView+Blocks.h */,
				22F066A71B6902B900BB66EE /* UIAlertView+Blocks.m */,
				22F066A81B6902B900BB66EE /* UIButton+EnlargeTouchArea.h */,
				22F066A91B6902B900BB66EE /* UIButton+EnlargeTouchArea.m */,
				22F066AA1B6902B900BB66EE /* UIColor+colorBuild.h */,
				22F066AB1B6902B900BB66EE /* UIColor+colorBuild.m */,
			);
			path = Category;
			sourceTree = "<group>";
		};
		22F066BB1B6903D600BB66EE /* Views */ = {
			isa = PBXGroup;
			children = (
				2246AB6A1B723AD300672DBF /* IndexCollectionViewCell.h */,
				2246AB6B1B723AD300672DBF /* IndexCollectionViewCell.m */,
				2246AB6C1B723AD300672DBF /* IndexViewLayout.h */,
				2246AB6D1B723AD300672DBF /* IndexViewLayout.m */,
				223BA1ED1B6C624E001F9DC5 /* Util */,
				22F066BC1B6903D600BB66EE /* Cell */,
				22F066C71B6903D600BB66EE /* CycleBannerView.h */,
				22F066C81B6903D600BB66EE /* CycleBannerView.m */,
				22F066C91B6903D600BB66EE /* IndexCollectionView.h */,
				22F066CA1B6903D600BB66EE /* IndexCollectionView.m */,

			);
			path = Views;
			sourceTree = "<group>";
		};
		22F066BC1B6903D600BB66EE /* Cell */ = {
			isa = PBXGroup;
			children = (
				22F066BF1B6903D600BB66EE /* LoginTableViewCell.h */,
				22F066C01B6903D600BB66EE /* LoginTableViewCell.m */,
				22F066C11B6903D600BB66EE /* MessageCell.h */,
				22F066C21B6903D600BB66EE /* MessageCell.m */,
				22F066C31B6903D600BB66EE /* RegisTableViewCell.h */,
				22F066C41B6903D600BB66EE /* RegisTableViewCell.m */,
				22F066C51B6903D600BB66EE /* SeparatorView.h */,
				22F066C61B6903D600BB66EE /* SeparatorView.m */,
				22F0E3901B7230BA00ACF5D7 /* CenterTableViewCell.h */,
				22F0E3911B7230BA00ACF5D7 /* CenterTableViewCell.m */,
			);
			path = Cell;
			sourceTree = "<group>";
		};
		22F066FD1B69049D00BB66EE /* Config */ = {
			isa = PBXGroup;
			children = (
				22F066FE1B69049D00BB66EE /* Plist */,
			);
			path = Config;
			sourceTree = "<group>";
		};
		22F066FE1B69049D00BB66EE /* Plist */ = {
			isa = PBXGroup;
			children = (
				22F066FF1B69049D00BB66EE /* area_code.plist */,
				22F067001B69049D00BB66EE /* city.plist */,
				22F067011B69049D00BB66EE /* country.plist */,
				22F067021B69049D00BB66EE /* Info.plist */,
				22F067031B69049D00BB66EE /* province.plist */,
			);
			path = Plist;
			sourceTree = "<group>";
		};
		BED2DD0B9748506F2BBB4B18 /* Pods */ = {
			isa = PBXGroup;
			children = (
				14887310B7D8897250D65C1C /* Pods.debug.xcconfig */,
				D61E0951857E66DEA4826284 /* Pods.release.xcconfig */,
			);
			name = Pods;
			sourceTree = "<group>";
		};
		C8E256D06F7BCD6211EC9086 /* Frameworks */ = {
			isa = PBXGroup;
			children = (
				0AE0E8891B693E3500DECD3A /* MobileCoreServices.framework */,
				0AE0E8871B693E2200DECD3A /* CoreLocation.framework */,
				E5C59423456FA625F1931F9E /* libPods.a */,
			);
			name = Frameworks;
			sourceTree = "<group>";
		};
/* End PBXGroup section */

/* Begin PBXNativeTarget section */
		0AB7D7141B61248D00CFF4FF /* OCOCoffee */ = {
			isa = PBXNativeTarget;
			buildConfigurationList = 0AB7D7381B61248D00CFF4FF /* Build configuration list for PBXNativeTarget "OCOCoffee" */;
			buildPhases = (
				F3E8C8748BA8BFCCDEE6507B /* Check Pods Manifest.lock */,
				0AB7D7111B61248D00CFF4FF /* Sources */,
				0AB7D7121B61248D00CFF4FF /* Frameworks */,
				0AB7D7131B61248D00CFF4FF /* Resources */,
				611B04643235024D2E05DD62 /* Copy Pods Resources */,
			);
			buildRules = (
			);
			dependencies = (
			);
			name = OCOCoffee;
			productName = OCOCoffee;
			productReference = 0AB7D7151B61248D00CFF4FF /* OCOCoffee.app */;
			productType = "com.apple.product-type.application";
		};
		0AB7D72D1B61248D00CFF4FF /* OCOCoffeeTests */ = {
			isa = PBXNativeTarget;
			buildConfigurationList = 0AB7D73B1B61248D00CFF4FF /* Build configuration list for PBXNativeTarget "OCOCoffeeTests" */;
			buildPhases = (
				0AB7D72A1B61248D00CFF4FF /* Sources */,
				0AB7D72B1B61248D00CFF4FF /* Frameworks */,
				0AB7D72C1B61248D00CFF4FF /* Resources */,
			);
			buildRules = (
			);
			dependencies = (
				0AB7D7301B61248D00CFF4FF /* PBXTargetDependency */,
			);
			name = OCOCoffeeTests;
			productName = OCOCoffeeTests;
			productReference = 0AB7D72E1B61248D00CFF4FF /* OCOCoffeeTests.xctest */;
			productType = "com.apple.product-type.bundle.unit-test";
		};
/* End PBXNativeTarget section */

/* Begin PBXProject section */
		0AB7D70D1B61248D00CFF4FF /* Project object */ = {
			isa = PBXProject;
			attributes = {
				LastUpgradeCheck = 0640;
				ORGANIZATIONNAME = gionee_panxb;
				TargetAttributes = {
					0AB7D7141B61248D00CFF4FF = {
						CreatedOnToolsVersion = 6.4;
					};
					0AB7D72D1B61248D00CFF4FF = {
						CreatedOnToolsVersion = 6.4;
						TestTargetID = 0AB7D7141B61248D00CFF4FF;
					};
				};
			};
			buildConfigurationList = 0AB7D7101B61248D00CFF4FF /* Build configuration list for PBXProject "OCOCoffee" */;
			compatibilityVersion = "Xcode 3.2";
			developmentRegion = English;
			hasScannedForEncodings = 0;
			knownRegions = (
				en,
				Base,
			);
			mainGroup = 0AB7D70C1B61248D00CFF4FF;
			productRefGroup = 0AB7D7161B61248D00CFF4FF /* Products */;
			projectDirPath = "";
			projectRoot = "";
			targets = (
				0AB7D7141B61248D00CFF4FF /* OCOCoffee */,
				0AB7D72D1B61248D00CFF4FF /* OCOCoffeeTests */,
			);
		};
/* End PBXProject section */

/* Begin PBXResourcesBuildPhase section */
		0AB7D7131B61248D00CFF4FF /* Resources */ = {
			isa = PBXResourcesBuildPhase;
			buildActionMask = 2147483647;
			files = (
				0AB7D7241B61248D00CFF4FF /* Main.storyboard in Resources */,
<<<<<<< HEAD
				0AAE41321B7E5C340019E212 /* Images.xcassets in Resources */,
				0AEF17A11B77BA2000FDA8DF /* img1.PNG in Resources */,
				0AEF17A21B77BA2000FDA8DF /* img2.PNG in Resources */,
				0AA3A03D1B6F94AF006054E1 /* blueArrowDown.png in Resources */,
=======
				0A0769C71B629D4C00B82422 /* doubleicon.png in Resources */,
				0A0769C81B629D4C00B82422 /* singleicon.png in Resources */,
>>>>>>> 5cdc09e049bdcfd146c4d2ef7d129d45e2754816
				22F067051B69049D00BB66EE /* city.plist in Resources */,
				22F067061B69049D00BB66EE /* country.plist in Resources */,
				22F067041B69049D00BB66EE /* area_code.plist in Resources */,
				0AB7D7291B61248D00CFF4FF /* LaunchScreen.xib in Resources */,
				22F067071B69049D00BB66EE /* Info.plist in Resources */,
<<<<<<< HEAD
				0AEF17A41B77BA8B00FDA8DF /* img3.PNG in Resources */,
				0AAE41301B7E517A0019E212 /* bgd.PNG in Resources */,
				0AA3A03C1B6F94AF006054E1 /* blueArrow@2x.png in Resources */,
				0AA3A03E1B6F94AF006054E1 /* blueArrowDown@2x.png in Resources */,
				0AA3A03B1B6F94AF006054E1 /* blueArrow.png in Resources */,
=======
				0A0769C61B629D4C00B82422 /* dependenticon.png in Resources */,
				0A78CDC11B6FD00E003049D8 /* 002.png in Resources */,
>>>>>>> 5cdc09e049bdcfd146c4d2ef7d129d45e2754816
				22F067081B69049D00BB66EE /* province.plist in Resources */,
			);
			runOnlyForDeploymentPostprocessing = 0;
		};
		0AB7D72C1B61248D00CFF4FF /* Resources */ = {
			isa = PBXResourcesBuildPhase;
			buildActionMask = 2147483647;
			files = (
			);
			runOnlyForDeploymentPostprocessing = 0;
		};
/* End PBXResourcesBuildPhase section */

/* Begin PBXShellScriptBuildPhase section */
		611B04643235024D2E05DD62 /* Copy Pods Resources */ = {
			isa = PBXShellScriptBuildPhase;
			buildActionMask = 2147483647;
			files = (
			);
			inputPaths = (
			);
			name = "Copy Pods Resources";
			outputPaths = (
			);
			runOnlyForDeploymentPostprocessing = 0;
			shellPath = /bin/sh;
			shellScript = "\"${SRCROOT}/Pods/Target Support Files/Pods/Pods-resources.sh\"\n";
			showEnvVarsInLog = 0;
		};
		F3E8C8748BA8BFCCDEE6507B /* Check Pods Manifest.lock */ = {
			isa = PBXShellScriptBuildPhase;
			buildActionMask = 2147483647;
			files = (
			);
			inputPaths = (
			);
			name = "Check Pods Manifest.lock";
			outputPaths = (
			);
			runOnlyForDeploymentPostprocessing = 0;
			shellPath = /bin/sh;
			shellScript = "diff \"${PODS_ROOT}/../Podfile.lock\" \"${PODS_ROOT}/Manifest.lock\" > /dev/null\nif [[ $? != 0 ]] ; then\n    cat << EOM\nerror: The sandbox is not in sync with the Podfile.lock. Run 'pod install' or update your CocoaPods installation.\nEOM\n    exit 1\nfi\n";
			showEnvVarsInLog = 0;
		};
/* End PBXShellScriptBuildPhase section */

/* Begin PBXSourcesBuildPhase section */
		0AB7D7111B61248D00CFF4FF /* Sources */ = {
			isa = PBXSourcesBuildPhase;
			buildActionMask = 2147483647;
			files = (
				22F066B81B6902B900BB66EE /* UIAlertView+Blocks.m in Sources */,
				2246AB6F1B723AD300672DBF /* IndexViewLayout.m in Sources */,
				0AD23F601B6A54DF00515C38 /* RegisStepOneViewController.m in Sources */,
				0AD23F5F1B6A54DF00515C38 /* LoginViewController.m in Sources */,
				0AD23F5C1B6A54DF00515C38 /* RootViewController.m in Sources */,
				22F066D31B6903D600BB66EE /* SeparatorView.m in Sources */,
				226553021B6F8CD200A18274 /* RegisStepThreeViewController.m in Sources */,
				22F0E3921B7230BA00ACF5D7 /* CenterTableViewCell.m in Sources */,
				22618C8C1B78A07A00853CC5 /* CenterViewController.m in Sources */,
				22F066D51B6903D600BB66EE /* IndexCollectionView.m in Sources */,

				0AD23F5A1B6A54DF00515C38 /* IndexViewController.m in Sources */,
				22618C921B78A10900853CC5 /* ActivityTableViewController.m in Sources */,
				22F066D01B6903D600BB66EE /* LoginTableViewCell.m in Sources */,
				0AB82BCB1B7B55EF00D3C66A /* ActivityTableViewController.m in Sources */,
				0AB7D71E1B61248D00CFF4FF /* AppDelegate.m in Sources */,
				2246AB6E1B723AD300672DBF /* IndexCollectionViewCell.m in Sources */,
				0AD23F561B6A54DF00515C38 /* ActivityViewController.m in Sources */,
				0AD23F5B1B6A54DF00515C38 /* MessageViewController.m in Sources */,
				22F066D21B6903D600BB66EE /* RegisTableViewCell.m in Sources */,
				22F066D11B6903D600BB66EE /* MessageCell.m in Sources */,
				223BA1F31B6C6278001F9DC5 /* StringPickerView.m in Sources */,
				223BA1F01B6C624E001F9DC5 /* DatePickerView.m in Sources */,
				22F066B71B6902B900BB66EE /* UIActionSheet+Blocks.m in Sources */,
				22F066BA1B6902B900BB66EE /* UIColor+colorBuild.m in Sources */,
				0AB7D71B1B61248D00CFF4FF /* main.m in Sources */,
				0AD23F611B6A54DF00515C38 /* RegisStepTwoViewController.m in Sources */,
				22F066B91B6902B900BB66EE /* UIButton+EnlargeTouchArea.m in Sources */,
				22F066D41B6903D600BB66EE /* CycleBannerView.m in Sources */,
				0AD23F5D1B6A54DF00515C38 /* SearchViewController.m in Sources */,
				22F066B61B6902B900BB66EE /* NSUserDefaults+UnRegisterDefaults.m in Sources */,
				0A3A682B1B7354DF0077A2A8 /* CityViewController.m in Sources */,
				0AD23F5E1B6A54DF00515C38 /* ViewController.m in Sources */,
				0AF13F561B724CE5008D24D0 /* IndexView.m in Sources */,
				0A3A682C1B7354DF0077A2A8 /* CountryViewController.m in Sources */,
			);
			runOnlyForDeploymentPostprocessing = 0;
		};
		0AB7D72A1B61248D00CFF4FF /* Sources */ = {
			isa = PBXSourcesBuildPhase;
			buildActionMask = 2147483647;
			files = (
				0AB7D7351B61248D00CFF4FF /* OCOCoffeeTests.m in Sources */,
			);
			runOnlyForDeploymentPostprocessing = 0;
		};
/* End PBXSourcesBuildPhase section */

/* Begin PBXTargetDependency section */
		0AB7D7301B61248D00CFF4FF /* PBXTargetDependency */ = {
			isa = PBXTargetDependency;
			target = 0AB7D7141B61248D00CFF4FF /* OCOCoffee */;
			targetProxy = 0AB7D72F1B61248D00CFF4FF /* PBXContainerItemProxy */;
		};
/* End PBXTargetDependency section */

/* Begin PBXVariantGroup section */
		0AB7D7221B61248D00CFF4FF /* Main.storyboard */ = {
			isa = PBXVariantGroup;
			children = (
				0AB7D7231B61248D00CFF4FF /* Base */,
			);
			name = Main.storyboard;
			sourceTree = "<group>";
		};
		0AB7D7271B61248D00CFF4FF /* LaunchScreen.xib */ = {
			isa = PBXVariantGroup;
			children = (
				0AB7D7281B61248D00CFF4FF /* Base */,
			);
			name = LaunchScreen.xib;
			sourceTree = "<group>";
		};
/* End PBXVariantGroup section */

/* Begin XCBuildConfiguration section */
		0AB7D7361B61248D00CFF4FF /* Debug */ = {
			isa = XCBuildConfiguration;
			buildSettings = {
				ALWAYS_SEARCH_USER_PATHS = NO;
				CLANG_CXX_LANGUAGE_STANDARD = "gnu++0x";
				CLANG_CXX_LIBRARY = "libc++";
				CLANG_ENABLE_MODULES = YES;
				CLANG_ENABLE_OBJC_ARC = YES;
				CLANG_WARN_BOOL_CONVERSION = YES;
				CLANG_WARN_CONSTANT_CONVERSION = YES;
				CLANG_WARN_DIRECT_OBJC_ISA_USAGE = YES_ERROR;
				CLANG_WARN_EMPTY_BODY = YES;
				CLANG_WARN_ENUM_CONVERSION = YES;
				CLANG_WARN_INT_CONVERSION = YES;
				CLANG_WARN_OBJC_ROOT_CLASS = YES_ERROR;
				CLANG_WARN_UNREACHABLE_CODE = YES;
				CLANG_WARN__DUPLICATE_METHOD_MATCH = YES;
				"CODE_SIGN_IDENTITY[sdk=iphoneos*]" = "iPhone Developer";
				COPY_PHASE_STRIP = NO;
				DEBUG_INFORMATION_FORMAT = "dwarf-with-dsym";
				ENABLE_STRICT_OBJC_MSGSEND = YES;
				GCC_C_LANGUAGE_STANDARD = gnu99;
				GCC_DYNAMIC_NO_PIC = NO;
				GCC_NO_COMMON_BLOCKS = YES;
				GCC_OPTIMIZATION_LEVEL = 0;
				GCC_PREPROCESSOR_DEFINITIONS = (
					"DEBUG=1",
					"$(inherited)",
				);
				GCC_SYMBOLS_PRIVATE_EXTERN = NO;
				GCC_WARN_64_TO_32_BIT_CONVERSION = YES;
				GCC_WARN_ABOUT_RETURN_TYPE = YES_ERROR;
				GCC_WARN_UNDECLARED_SELECTOR = YES;
				GCC_WARN_UNINITIALIZED_AUTOS = YES_AGGRESSIVE;
				GCC_WARN_UNUSED_FUNCTION = YES;
				GCC_WARN_UNUSED_VARIABLE = YES;
				IPHONEOS_DEPLOYMENT_TARGET = 8.4;
				MTL_ENABLE_DEBUG_INFO = YES;
				ONLY_ACTIVE_ARCH = YES;
				SDKROOT = iphoneos;
			};
			name = Debug;
		};
		0AB7D7371B61248D00CFF4FF /* Release */ = {
			isa = XCBuildConfiguration;
			buildSettings = {
				ALWAYS_SEARCH_USER_PATHS = NO;
				CLANG_CXX_LANGUAGE_STANDARD = "gnu++0x";
				CLANG_CXX_LIBRARY = "libc++";
				CLANG_ENABLE_MODULES = YES;
				CLANG_ENABLE_OBJC_ARC = YES;
				CLANG_WARN_BOOL_CONVERSION = YES;
				CLANG_WARN_CONSTANT_CONVERSION = YES;
				CLANG_WARN_DIRECT_OBJC_ISA_USAGE = YES_ERROR;
				CLANG_WARN_EMPTY_BODY = YES;
				CLANG_WARN_ENUM_CONVERSION = YES;
				CLANG_WARN_INT_CONVERSION = YES;
				CLANG_WARN_OBJC_ROOT_CLASS = YES_ERROR;
				CLANG_WARN_UNREACHABLE_CODE = YES;
				CLANG_WARN__DUPLICATE_METHOD_MATCH = YES;
				"CODE_SIGN_IDENTITY[sdk=iphoneos*]" = "iPhone Developer";
				COPY_PHASE_STRIP = NO;
				DEBUG_INFORMATION_FORMAT = "dwarf-with-dsym";
				ENABLE_NS_ASSERTIONS = NO;
				ENABLE_STRICT_OBJC_MSGSEND = YES;
				GCC_C_LANGUAGE_STANDARD = gnu99;
				GCC_NO_COMMON_BLOCKS = YES;
				GCC_WARN_64_TO_32_BIT_CONVERSION = YES;
				GCC_WARN_ABOUT_RETURN_TYPE = YES_ERROR;
				GCC_WARN_UNDECLARED_SELECTOR = YES;
				GCC_WARN_UNINITIALIZED_AUTOS = YES_AGGRESSIVE;
				GCC_WARN_UNUSED_FUNCTION = YES;
				GCC_WARN_UNUSED_VARIABLE = YES;
				IPHONEOS_DEPLOYMENT_TARGET = 8.4;
				MTL_ENABLE_DEBUG_INFO = NO;
				SDKROOT = iphoneos;
				VALIDATE_PRODUCT = YES;
			};
			name = Release;
		};
		0AB7D7391B61248D00CFF4FF /* Debug */ = {
			isa = XCBuildConfiguration;
			baseConfigurationReference = 14887310B7D8897250D65C1C /* Pods.debug.xcconfig */;
			buildSettings = {
				ASSETCATALOG_COMPILER_APPICON_NAME = AppIcon;
				INFOPLIST_FILE = OCOCoffee/Config/Plist/Info.plist;
				LD_RUNPATH_SEARCH_PATHS = "$(inherited) @executable_path/Frameworks";
				PRODUCT_NAME = "$(TARGET_NAME)";
			};
			name = Debug;
		};
		0AB7D73A1B61248D00CFF4FF /* Release */ = {
			isa = XCBuildConfiguration;
			baseConfigurationReference = D61E0951857E66DEA4826284 /* Pods.release.xcconfig */;
			buildSettings = {
				ASSETCATALOG_COMPILER_APPICON_NAME = AppIcon;
				INFOPLIST_FILE = OCOCoffee/Config/Plist/Info.plist;
				LD_RUNPATH_SEARCH_PATHS = "$(inherited) @executable_path/Frameworks";
				PRODUCT_NAME = "$(TARGET_NAME)";
			};
			name = Release;
		};
		0AB7D73C1B61248D00CFF4FF /* Debug */ = {
			isa = XCBuildConfiguration;
			buildSettings = {
				BUNDLE_LOADER = "$(TEST_HOST)";
				FRAMEWORK_SEARCH_PATHS = (
					"$(SDKROOT)/Developer/Library/Frameworks",
					"$(inherited)",
				);
				GCC_PREPROCESSOR_DEFINITIONS = (
					"DEBUG=1",
					"$(inherited)",
				);
				INFOPLIST_FILE = OCOCoffeeTests/Info.plist;
				LD_RUNPATH_SEARCH_PATHS = "$(inherited) @executable_path/Frameworks @loader_path/Frameworks";
				PRODUCT_NAME = "$(TARGET_NAME)";
				TEST_HOST = "$(BUILT_PRODUCTS_DIR)/OCOCoffee.app/OCOCoffee";
			};
			name = Debug;
		};
		0AB7D73D1B61248D00CFF4FF /* Release */ = {
			isa = XCBuildConfiguration;
			buildSettings = {
				BUNDLE_LOADER = "$(TEST_HOST)";
				FRAMEWORK_SEARCH_PATHS = (
					"$(SDKROOT)/Developer/Library/Frameworks",
					"$(inherited)",
				);
				INFOPLIST_FILE = OCOCoffeeTests/Info.plist;
				LD_RUNPATH_SEARCH_PATHS = "$(inherited) @executable_path/Frameworks @loader_path/Frameworks";
				PRODUCT_NAME = "$(TARGET_NAME)";
				TEST_HOST = "$(BUILT_PRODUCTS_DIR)/OCOCoffee.app/OCOCoffee";
			};
			name = Release;
		};
/* End XCBuildConfiguration section */

/* Begin XCConfigurationList section */
		0AB7D7101B61248D00CFF4FF /* Build configuration list for PBXProject "OCOCoffee" */ = {
			isa = XCConfigurationList;
			buildConfigurations = (
				0AB7D7361B61248D00CFF4FF /* Debug */,
				0AB7D7371B61248D00CFF4FF /* Release */,
			);
			defaultConfigurationIsVisible = 0;
			defaultConfigurationName = Release;
		};
		0AB7D7381B61248D00CFF4FF /* Build configuration list for PBXNativeTarget "OCOCoffee" */ = {
			isa = XCConfigurationList;
			buildConfigurations = (
				0AB7D7391B61248D00CFF4FF /* Debug */,
				0AB7D73A1B61248D00CFF4FF /* Release */,
			);
			defaultConfigurationIsVisible = 0;
			defaultConfigurationName = Release;
		};
		0AB7D73B1B61248D00CFF4FF /* Build configuration list for PBXNativeTarget "OCOCoffeeTests" */ = {
			isa = XCConfigurationList;
			buildConfigurations = (
				0AB7D73C1B61248D00CFF4FF /* Debug */,
				0AB7D73D1B61248D00CFF4FF /* Release */,
			);
			defaultConfigurationIsVisible = 0;
			defaultConfigurationName = Release;
		};
/* End XCConfigurationList section */
	};
	rootObject = 0AB7D70D1B61248D00CFF4FF /* Project object */;
}
